{
  "name": "day05",
  "version": "1.0.0",
  "lockfileVersion": 3,
  "requires": true,
  "packages": {
    "": {
      "name": "day05",
      "version": "1.0.0",
      "license": "ISC",
      "dependencies": {
        "@fontsource/cairo": "^5.3.0",
        "@fontsource/cormorant-garamond": "^5.3.0",
        "@fontsource/el-messiri": "^5.3.0",
        "gsap": "^3.14.2"
      }
    },
    "node_modules/@fontsource/cairo": {
      "version": "5.3.0",
      "resolved": "https://registry.npmjs.org/@fontsource/cairo/-/cairo-5.3.0.tgz",
      "integrity": "sha512-MdY6+gee1DVz4eUvx1Dd8Y1f50WcRELRKwKBarYZA3zT8dMhkuTWbcoE1LzezAy97h/9rob87s02NI6L8MaDgA==",
      "license": "OFL-1.1",
      "funding": {
        "url": "https://github.com/sponsors/ayuhito"
      }
    },
    "node_modules/@fontsource/cormorant-garamond": {
      "version": "5.3.0",
      "resolved": "https://registry.npmjs.org/@fontsource/cormorant-garamond/-/cormorant-garamond-5.3.0.tgz",
      "integrity": "sha512-weuGsCirGVWBWqpt6YUp0yLThTe4G8YO45noq8wxeJCRvEpq5lFrxNMFSTxcyOyV5k5otzJ8guDzYegdYlcLMQ==",
      "license": "OFL-1.1",
      "funding": {
        "url": "https://github.com/sponsors/ayuhito"
      }
    },
    "node_modules/@fontsource/el-messiri": {
      "version": "5.3.0",
      "resolved": "https://registry.npmjs.org/@fontsource/el-messiri/-/el-messiri-5.3.0.tgz",
      "integrity": "sha512-Fqhf6DEuRInnLso60tk2i8mQlFfDjYNeF6Ybrto7jBnAwNClQqn4g9lMae/M+ub1zWYteM98uPOA1DwU5J8hbw==",
      "license": "OFL-1.1",
      "funding": {
        "url": "https://github.com/sponsors/ayuhito"
      }
    },
    "node_modules/gsap": {
      "version": "3.14.2",
      "resolved": "https://registry.npmjs.org/gsap/-/gsap-3.14.2.tgz",
      "integrity": "sha512-P8/mMxVLU7o4+55+1TCnQrPmgjPKnwkzkXOK1asnR9Jg2lna4tEY5qBJjMmAaOBDDZWtlRjBXjLa0w53G/uBLA==",
      "license": "Standard 'no charge' license: https://gsap.com/standard-license."
    }
  }
}
